
Microsoft Visual Studio Solution File, Format Version 12.00
Project("{FAE04EC0-301F-11D3-BF4B-00C04F79EFBC}") = "Core3App-EF6", "Core3App-EF6\Core3App-EF6.csproj", "{136260FD-2C6F-49C2-9936-8557788AF561}"
EndProject
Global
	GlobalSection(SolutionConfigurationPlatforms) = preSolution
		Debug|Any CPU = Debug|Any CPU
		Release|Any CPU = Release|Any CPU
	EndGlobalSection
	GlobalSection(ProjectConfigurationPlatforms) = postSolution
		{136260FD-2C6F-49C2-9936-8557788AF561}.Debug|Any CPU.ActiveCfg = Debug|Any CPU
		{136260FD-2C6F-49C2-9936-8557788AF561}.Debug|Any CPU.Build.0 = Debug|Any CPU
		{136260FD-2C6F-49C2-9936-8557788AF561}.Release|Any CPU.ActiveCfg = Release|Any CPU
		{136260FD-2C6F-49C2-9936-8557788AF561}.Release|Any CPU.Build.0 = Release|Any CPU
	EndGlobalSection
EndGlobal
